{
  "name": "@syncthink/signaling",
  "version": "0.1.0",
  "lockfileVersion": 3,
  "requires": true,
  "packages": {
    "": {
      "name": "@syncthink/signaling",
      "version": "0.1.0",
      "dependencies": {
        "@noble/ed25519": "^3.0.1",
        "bonjour-service": "^1.3.0",
        "ws": "^8.18.0"
      },
      "devDependencies": {
        "@types/node": "^22.0.0",
        "@types/ws": "^8.5.14",
        "tsx": "^4.19.3",
        "typescript": "^5.9.3"
      }
    },
    "../../node_modules/.pnpm/@types+node@22.19.17/node_modules/@types/node": {
      "version": "22.19.17",
      "dev": true,
      "license": "MIT",
      "dependencies": {
        "undici-types": "~6.21.0"
      }
    },
    "../../node_modules/.pnpm/@types+ws@8.18.1/node_modules/@types/ws": {
      "version": "8.18.1",
      "dev": true,
      "license": "MIT",
      "dependencies": {
        "@types/node": "*"
      }
    },
    "../../node_modules/.pnpm/tsx@4.21.0/node_modules/tsx": {
      "version": "4.21.0",
      "dev": true,
      "license": "MIT",
      "dependencies": {
        "esbuild": "~0.27.0",
        "get-tsconfig": "^4.7.5"
      },
      "bin": {
        "tsx": "dist/cli.mjs"
      },
      "engines": {
        "node": ">=18.0.0"
      },
      "optionalDependencies": {
        "fsevents": "~2.3.3"
      }
    },
    "../../node_modules/.pnpm/ws@8.20.0/node_modules/ws": {
      "version": "8.20.0",
      "license": "MIT",
      "devDependencies": {
        "@eslint/js": "^10.0.1",
        "benchmark": "^2.1.4",
        "bufferutil": "^4.0.1",
        "eslint": "^10.0.1",
        "eslint-config-prettier": "^10.0.1",
        "eslint-plugin-prettier": "^5.0.0",
        "globals": "^17.0.0",
        "mocha": "^8.4.0",
        "nyc": "^15.0.0",
        "prettier": "^3.0.0",
        "utf-8-validate": "^6.0.0"
      },
      "engines": {
        "node": ">=10.0.0"
      },
      "peerDependencies": {
        "bufferutil": "^4.0.1",
        "utf-8-validate": ">=5.0.2"
      },
      "peerDependenciesMeta": {
        "bufferutil": {
          "optional": true
        },
        "utf-8-validate": {
          "optional": true
        }
      }
    },
    "node_modules/@leichtgewicht/ip-codec": {
      "version": "2.0.5",
      "resolved": "http://r.npm.sankuai.com/@leichtgewicht/ip-codec/download/@leichtgewicht/ip-codec-2.0.5.tgz",
      "integrity": "sha1-T8VsFcWAua233DwzOhNOVAtEv7E=",
      "license": "MIT"
    },
    "node_modules/@noble/ed25519": {
      "version": "3.0.1",
      "resolved": "http://r.npm.sankuai.com/@noble/ed25519/download/@noble/ed25519-3.0.1.tgz",
      "integrity": "sha1-0oXvN92Xy0czWT4mmq/xkypUyA8=",
      "license": "MIT",
      "funding": {
        "url": "https://paulmillr.com/funding/"
      }
    },
    "node_modules/@types/node": {
      "resolved": "../../node_modules/.pnpm/@types+node@22.19.17/node_modules/@types/node",
      "link": true
    },
    "node_modules/@types/ws": {
      "resolved": "../../node_modules/.pnpm/@types+ws@8.18.1/node_modules/@types/ws",
      "link": true
    },
    "node_modules/bonjour-service": {
      "version": "1.3.0",
      "resolved": "http://r.npm.sankuai.com/bonjour-service/download/bonjour-service-1.3.0.tgz",
      "integrity": "sha1-gNhnQwtaDaZOgqgEf8HjVb23FyI=",
      "license": "MIT",
      "dependencies": {
        "fast-deep-equal": "^3.1.3",
        "multicast-dns": "^7.2.5"
      }
    },
    "node_modules/dns-packet": {
      "version": "5.6.1",
      "resolved": "http://r.npm.sankuai.com/dns-packet/download/dns-packet-5.6.1.tgz",
      "integrity": "sha1-roiK1CWp0UeKBnQlarhm3hASzy8=",
      "license": "MIT",
      "dependencies": {
        "@leichtgewicht/ip-codec": "^2.0.1"
      },
      "engines": {
        "node": ">=6"
      }
    },
    "node_modules/fast-deep-equal": {
      "version": "3.1.3",
      "resolved": "http://r.npm.sankuai.com/fast-deep-equal/download/fast-deep-equal-3.1.3.tgz",
      "integrity": "sha1-On1WtVnWy8PrUSMlJE5hmmXGxSU=",
      "license": "MIT"
    },
    "node_modules/multicast-dns": {
      "version": "7.2.5",
      "resolved": "http://r.npm.sankuai.com/multicast-dns/download/multicast-dns-7.2.5.tgz",
      "integrity": "sha1-d+tGBX9NetvRbZKQ+nKZ9vpkzO0=",
      "license": "MIT",
      "dependencies": {
        "dns-packet": "^5.2.2",
        "thunky": "^1.0.2"
      },
      "bin": {
        "multicast-dns": "cli.js"
      }
    },
    "node_modules/thunky": {
      "version": "1.1.0",
      "resolved": "http://r.npm.sankuai.com/thunky/download/thunky-1.1.0.tgz",
      "integrity": "sha1-Wrr3FKlAXbBQRzK7zNLO3Z75U30=",
      "license": "MIT"
    },
    "node_modules/tsx": {
      "resolved": "../../node_modules/.pnpm/tsx@4.21.0/node_modules/tsx",
      "link": true
    },
    "node_modules/typescript": {
      "version": "5.9.3",
      "resolved": "http://r.npm.sankuai.com/typescript/download/typescript-5.9.3.tgz",
      "integrity": "sha1-W09Z4VMQqxeiFvXWz1PuR27eZw8=",
      "dev": true,
      "license": "Apache-2.0",
      "bin": {
        "tsc": "bin/tsc",
        "tsserver": "bin/tsserver"
      },
      "engines": {
        "node": ">=14.17"
      }
    },
    "node_modules/ws": {
      "resolved": "../../node_modules/.pnpm/ws@8.20.0/node_modules/ws",
      "link": true
    }
  }
}
